// !$*UTF8*$!
{
	archiveVersion = 1;
	classes = {
	};
	objectVersion = 50;
	objects = {

/* Begin PBXBuildFile section */
		03A07A1D21A0563A004C601F /* ListNode.cpp in Sources */ = {isa = PBXBuildFile; fileRef = 03A07A1B21A0563A004C601F /* ListNode.cpp */; };
		03A07A2021A12619004C601F /* StackNode.cpp in Sources */ = {isa = PBXBuildFile; fileRef = 03A07A1E21A12619004C601F /* StackNode.cpp */; };
		03A07A2321A12685004C601F /* QueueNode.cpp in Sources */ = {isa = PBXBuildFile; fileRef = 03A07A2121A12685004C601F /* QueueNode.cpp */; };
		03A07A2621A126F2004C601F /* TreeNode.cpp in Sources */ = {isa = PBXBuildFile; fileRef = 03A07A2421A126F2004C601F /* TreeNode.cpp */; };
		03AB3C6E2181B9A400BF0BB3 /* main.cpp in Sources */ = {isa = PBXBuildFile; fileRef = 03AB3C6D2181B9A400BF0BB3 /* main.cpp */; };
/* End PBXBuildFile section */

/* Begin PBXCopyFilesBuildPhase section */
		03AB3C682181B9A400BF0BB3 /* CopyFiles */ = {
			isa = PBXCopyFilesBuildPhase;
			buildActionMask = 2147483647;
			dstPath = /usr/share/man/man1/;
			dstSubfolderSpec = 0;
			files = (
			);
			runOnlyForDeploymentPostprocessing = 1;
		};
/* End PBXCopyFilesBuildPhase section */

/* Begin PBXFileReference section */
		03A07A1B21A0563A004C601F /* ListNode.cpp */ = {isa = PBXFileReference; lastKnownFileType = sourcecode.cpp.cpp; path = ListNode.cpp; sourceTree = "<group>"; };
		03A07A1C21A0563A004C601F /* ListNode.h */ = {isa = PBXFileReference; lastKnownFileType = sourcecode.c.h; path = ListNode.h; sourceTree = "<group>"; };
		03A07A1E21A12619004C601F /* StackNode.cpp */ = {isa = PBXFileReference; lastKnownFileType = sourcecode.cpp.cpp; path = StackNode.cpp; sourceTree = "<group>"; };
		03A07A1F21A12619004C601F /* StackNode.h */ = {isa = PBXFileReference; lastKnownFileType = sourcecode.c.h; path = StackNode.h; sourceTree = "<group>"; };
		03A07A2121A12685004C601F /* QueueNode.cpp */ = {isa = PBXFileReference; lastKnownFileType = sourcecode.cpp.cpp; path = QueueNode.cpp; sourceTree = "<group>"; };
		03A07A2221A12685004C601F /* QueueNode.h */ = {isa = PBXFileReference; lastKnownFileType = sourcecode.c.h; path = QueueNode.h; sourceTree = "<group>"; };
		03A07A2421A126F2004C601F /* TreeNode.cpp */ = {isa = PBXFileReference; lastKnownFileType = sourcecode.cpp.cpp; path = TreeNode.cpp; sourceTree = "<group>"; };
		03A07A2521A126F2004C601F /* TreeNode.h */ = {isa = PBXFileReference; lastKnownFileType = sourcecode.c.h; path = TreeNode.h; sourceTree = "<group>"; };
		03AB3C6A2181B9A400BF0BB3 /* cpptest */ = {isa = PBXFileReference; explicitFileType = "compiled.mach-o.executable"; includeInIndex = 0; path = cpptest; sourceTree = BUILT_PRODUCTS_DIR; };
		03AB3C6D2181B9A400BF0BB3 /* main.cpp */ = {isa = PBXFileReference; lastKnownFileType = sourcecode.cpp.cpp; path = main.cpp; sourceTree = "<group>"; };
/* End PBXFileReference section */

/* Begin PBXFrameworksBuildPhase section */
		03AB3C672181B9A400BF0BB3 /* Frameworks */ = {
			isa = PBXFrameworksBuildPhase;
			buildActionMask = 2147483647;
			files = (
			);
			runOnlyForDeploymentPostprocessing = 0;
		};
/* End PBXFrameworksBuildPhase section */

/* Begin PBXGroup section */
		03AB3C612181B9A400BF0BB3 = {
			isa = PBXGroup;
			children = (
				03AB3C6C2181B9A400BF0BB3 /* cpptest */,
				03AB3C6B2181B9A400BF0BB3 /* Products */,
			);
			sourceTree = "<group>";
		};
		03AB3C6B2181B9A400BF0BB3 /* Products */ = {
			isa = PBXGroup;
			children = (
				03AB3C6A2181B9A400BF0BB3 /* cpptest */,
			);
			name = Products;
			sourceTree = "<group>";
		};
		03AB3C6C2181B9A400BF0BB3 /* cpptest */ = {
			isa = PBXGroup;
			children = (
				03AB3C6D2181B9A400BF0BB3 /* main.cpp */,
				03A07A1B21A0563A004C601F /* ListNode.cpp */,
				03A07A1C21A0563A004C601F /* ListNode.h */,
				03A07A1E21A12619004C601F /* StackNode.cpp */,
				03A07A1F21A12619004C601F /* StackNode.h */,
				03A07A2121A12685004C601F /* QueueNode.cpp */,
				03A07A2221A12685004C601F /* QueueNode.h */,
				03A07A2421A126F2004C601F /* TreeNode.cpp */,
				03A07A2521A126F2004C601F /* TreeNode.h */,
			);
			path = cpptest;
			sourceTree = "<group>";
		};
/* End PBXGroup section */

/* Begin PBXNativeTarget section */
		03AB3C692181B9A400BF0BB3 /* cpptest */ = {
			isa = PBXNativeTarget;
			buildConfigurationList = 03AB3C712181B9A400BF0BB3 /* Build configuration list for PBXNativeTarget "cpptest" */;
			buildPhases = (
				03AB3C662181B9A400BF0BB3 /* Sources */,
				03AB3C672181B9A400BF0BB3 /* Frameworks */,
				03AB3C682181B9A400BF0BB3 /* CopyFiles */,
			);
			buildRules = (
			);
			dependencies = (
			);
			name = cpptest;
			productName = cpptest;
			productReference = 03AB3C6A2181B9A400BF0BB3 /* cpptest */;
			productType = "com.apple.product-type.tool";
		};
/* End PBXNativeTarget section */

/* Begin PBXProject section */
		03AB3C622181B9A400BF0BB3 /* Project object */ = {
			isa = PBXProject;
			attributes = {
				LastUpgradeCheck = 1000;
				ORGANIZATIONNAME = "laura bliss";
				TargetAttributes = {
					03AB3C692181B9A400BF0BB3 = {
						CreatedOnToolsVersion = 10.0;
					};
				};
			};
			buildConfigurationList = 03AB3C652181B9A400BF0BB3 /* Build configuration list for PBXProject "cpptest" */;
			compatibilityVersion = "Xcode 9.3";
			developmentRegion = en;
			hasScannedForEncodings = 0;
			knownRegions = (
				en,
			);
			mainGroup = 03AB3C612181B9A400BF0BB3;
			productRefGroup = 03AB3C6B2181B9A400BF0BB3 /* Products */;
			projectDirPath = "";
			projectRoot = "";
			targets = (
				03AB3C692181B9A400BF0BB3 /* cpptest */,
			);
		};
/* End PBXProject section */

/* Begin PBXSourcesBuildPhase section */
		03AB3C662181B9A400BF0BB3 /* Sources */ = {
			isa = PBXSourcesBuildPhase;
			buildActionMask = 2147483647;
			files = (
				03A07A2021A12619004C601F /* StackNode.cpp in Sources */,
				03A07A2321A12685004C601F /* QueueNode.cpp in Sources */,
				03A07A2621A126F2004C601F /* TreeNode.cpp in Sources */,
				03AB3C6E2181B9A400BF0BB3 /* main.cpp in Sources */,
				03A07A1D21A0563A004C601F /* ListNode.cpp in Sources */,
			);
			runOnlyForDeploymentPostprocessing = 0;
		};
/* End PBXSourcesBuildPhase section */

/* Begin XCBuildConfiguration section */
		03AB3C6F2181B9A400BF0BB3 /* Debug */ = {
			isa = XCBuildConfiguration;
			buildSettings = {
				ALWAYS_SEARCH_USER_PATHS = NO;
				CLANG_ANALYZER_NONNULL = YES;
				CLANG_ANALYZER_NUMBER_OBJECT_CONVERSION = YES_AGGRESSIVE;
				CLANG_CXX_LANGUAGE_STANDARD = "gnu++14";
				CLANG_CXX_LIBRARY = "libc++";
				CLANG_ENABLE_MODULES = YES;
				CLANG_ENABLE_OBJC_ARC = YES;
				CLANG_ENABLE_OBJC_WEAK = YES;
				CLANG_WARN_BLOCK_CAPTURE_AUTORELEASING = YES;
				CLANG_WARN_BOOL_CONVERSION = YES;
				CLANG_WARN_COMMA = YES;
				CLANG_WARN_CONSTANT_CONVERSION = YES;
				CLANG_WARN_DEPRECATED_OBJC_IMPLEMENTATIONS = YES;
				CLANG_WARN_DIRECT_OBJC_ISA_USAGE = YES_ERROR;
				CLANG_WARN_DOCUMENTATION_COMMENTS = YES;
				CLANG_WARN_EMPTY_BODY = YES;
				CLANG_WARN_ENUM_CONVERSION = YES;
				CLANG_WARN_INFINITE_RECURSION = YES;
				CLANG_WARN_INT_CONVERSION = YES;
				CLANG_WARN_NON_LITERAL_NULL_CONVERSION = YES;
				CLANG_WARN_OBJC_IMPLICIT_RETAIN_SELF = YES;
				CLANG_WARN_OBJC_LITERAL_CONVERSION = YES;
				CLANG_WARN_OBJC_ROOT_CLASS = YES_ERROR;
				CLANG_WARN_RANGE_LOOP_ANALYSIS = YES;
				CLANG_WARN_STRICT_PROTOTYPES = YES;
				CLANG_WARN_SUSPICIOUS_MOVE = YES;
				CLANG_WARN_UNGUARDED_AVAILABILITY = YES_AGGRESSIVE;
				CLANG_WARN_UNREACHABLE_CODE = YES;
				CLANG_WARN__DUPLICATE_METHOD_MATCH = YES;
				CODE_SIGN_IDENTITY = "-";
				COPY_PHASE_STRIP = NO;
				DEBUG_INFORMATION_FORMAT = dwarf;
				ENABLE_STRICT_OBJC_MSGSEND = YES;
				ENABLE_TESTABILITY = YES;
				GCC_C_LANGUAGE_STANDARD = gnu11;
				GCC_DYNAMIC_NO_PIC = NO;
				GCC_NO_COMMON_BLOCKS = YES;
				GCC_OPTIMIZATION_LEVEL = 0;
				GCC_PREPROCESSOR_DEFINITIONS = (
					"DEBUG=1",
					"$(inherited)",
				);
				GCC_WARN_64_TO_32_BIT_CONVERSION = YES;
				GCC_WARN_ABOUT_RETURN_TYPE = YES_ERROR;
				GCC_WARN_UNDECLARED_SELECTOR = YES;
				GCC_WARN_UNINITIALIZED_AUTOS = YES_AGGRESSIVE;
				GCC_WARN_UNUSED_FUNCTION = YES;
				GCC_WARN_UNUSED_VARIABLE = YES;
				MACOSX_DEPLOYMENT_TARGET = 10.14;
				MTL_ENABLE_DEBUG_INFO = INCLUDE_SOURCE;
				MTL_FAST_MATH = YES;
				ONLY_ACTIVE_ARCH = YES;
				SDKROOT = macosx;
			};
			name = Debug;
		};
		03AB3C702181B9A400BF0BB3 /* Release */ = {
			isa = XCBuildConfiguration;
			buildSettings = {
				ALWAYS_SEARCH_USER_PATHS = NO;
				CLANG_ANALYZER_NONNULL = YES;
				CLANG_ANALYZER_NUMBER_OBJECT_CONVERSION = YES_AGGRESSIVE;
				CLANG_CXX_LANGUAGE_STANDARD = "gnu++14";
				CLANG_CXX_LIBRARY = "libc++";
				CLANG_ENABLE_MODULES = YES;
				CLANG_ENABLE_OBJC_ARC = YES;
				CLANG_ENABLE_OBJC_WEAK = YES;
				CLANG_WARN_BLOCK_CAPTURE_AUTORELEASING = YES;
				CLANG_WARN_BOOL_CONVERSION = YES;
				CLANG_WARN_COMMA = YES;
				CLANG_WARN_CONSTANT_CONVERSION = YES;
				CLANG_WARN_DEPRECATED_OBJC_IMPLEMENTATIONS = YES;
				CLANG_WARN_DIRECT_OBJC_ISA_USAGE = YES_ERROR;
				CLANG_WARN_DOCUMENTATION_COMMENTS = YES;
				CLANG_WARN_EMPTY_BODY = YES;
				CLANG_WARN_ENUM_CONVERSION = YES;
				CLANG_WARN_INFINITE_RECURSION = YES;
				CLANG_WARN_INT_CONVERSION = YES;
				CLANG_WARN_NON_LITERAL_NULL_CONVERSION = YES;
				CLANG_WARN_OBJC_IMPLICIT_RETAIN_SELF = YES;
				CLANG_WARN_OBJC_LITERAL_CONVERSION = YES;
				CLANG_WARN_OBJC_ROOT_CLASS = YES_ERROR;
				CLANG_WARN_RANGE_LOOP_ANALYSIS = YES;
				CLANG_WARN_STRICT_PROTOTYPES = YES;
				CLANG_WARN_SUSPICIOUS_MOVE = YES;
				CLANG_WARN_UNGUARDED_AVAILABILITY = YES_AGGRESSIVE;
				CLANG_WARN_UNREACHABLE_CODE = YES;
				CLANG_WARN__DUPLICATE_METHOD_MATCH = YES;
				CODE_SIGN_IDENTITY = "-";
				COPY_PHASE_STRIP = NO;
				DEBUG_INFORMATION_FORMAT = "dwarf-with-dsym";
				ENABLE_NS_ASSERTIONS = NO;
				ENABLE_STRICT_OBJC_MSGSEND = YES;
				GCC_C_LANGUAGE_STANDARD = gnu11;
				GCC_NO_COMMON_BLOCKS = YES;
				GCC_WARN_64_TO_32_BIT_CONVERSION = YES;
				GCC_WARN_ABOUT_RETURN_TYPE = YES_ERROR;
				GCC_WARN_UNDECLARED_SELECTOR = YES;
				GCC_WARN_UNINITIALIZED_AUTOS = YES_AGGRESSIVE;
				GCC_WARN_UNUSED_FUNCTION = YES;
				GCC_WARN_UNUSED_VARIABLE = YES;
				MACOSX_DEPLOYMENT_TARGET = 10.14;
				MTL_ENABLE_DEBUG_INFO = NO;
				MTL_FAST_MATH = YES;
				SDKROOT = macosx;
			};
			name = Release;
		};
		03AB3C722181B9A400BF0BB3 /* Debug */ = {
			isa = XCBuildConfiguration;
			buildSettings = {
				CODE_SIGN_STYLE = Automatic;
				PRODUCT_NAME = "$(TARGET_NAME)";
			};
			name = Debug;
		};
		03AB3C732181B9A400BF0BB3 /* Release */ = {
			isa = XCBuildConfiguration;
			buildSettings = {
				CODE_SIGN_STYLE = Automatic;
				PRODUCT_NAME = "$(TARGET_NAME)";
			};
			name = Release;
		};
/* End XCBuildConfiguration section */

/* Begin XCConfigurationList section */
		03AB3C652181B9A400BF0BB3 /* Build configuration list for PBXProject "cpptest" */ = {
			isa = XCConfigurationList;
			buildConfigurations = (
				03AB3C6F2181B9A400BF0BB3 /* Debug */,
				03AB3C702181B9A400BF0BB3 /* Release */,
			);
			defaultConfigurationIsVisible = 0;
			defaultConfigurationName = Release;
		};
		03AB3C712181B9A400BF0BB3 /* Build configuration list for PBXNativeTarget "cpptest" */ = {
			isa = XCConfigurationList;
			buildConfigurations = (
				03AB3C722181B9A400BF0BB3 /* Debug */,
				03AB3C732181B9A400BF0BB3 /* Release */,
			);
			defaultConfigurationIsVisible = 0;
			defaultConfigurationName = Release;
		};
/* End XCConfigurationList section */
	};
	rootObject = 03AB3C622181B9A400BF0BB3 /* Project object */;
}
